<Solution>
  <Project Path="P01-ExcelentResults/P01-ExcelentResults.csproj" />
  <Project Path="P02-Excellent_Or_Not/P02-Excellent_Or_Not.csproj" />
  <Project Path="P03-Odd_Or_Even/P03-Odd_Or_Even.csproj" />
  <Project Path="P04-Max_Of_2/P04-Max_Of_2.csproj" Id="b2e2fd1c-9b62-4779-91d1-d3d8c5a31783" />
  <Project Path="P05-GuessPassword/P05-GuessPassword.csproj" Id="f43897e8-5eb2-493d-a735-1bec1bc8f39f" />
  <Project Path="P05-SameWords/P05-SameWords.csproj" Id="6f90d4d4-38f0-4ac4-929c-35a829bab88a" />
  <Project Path="P06-Add15ToTime/P06-Add15ToTime.csproj" Id="967baef9-86b0-4c6e-9209-eda7aee1262a" />
  <Project Path="P07-ThreeEqualNumbers/P07-ThreeEqualNumbers.csproj" Id="af9dac3d-6ee2-458f-addb-e00a334884ad" />
  <Project Path="P08-NumberToWords/P08-NumberToWords.csproj" Id="9946c9d4-02d8-458c-884d-23cdaf4531a1" />
  <Project Path="P09-BonusPoint/P09-BonusPoint.csproj" Id="86086af4-9718-403f-a08e-ea5194cc7bd3" />
  <Project Path="P10-SumOfSeconds/P10-SumOfSeconds.csproj" Id="88486aa8-a881-4913-abdc-c54c9bda49dd" />
  <Project Path="P11-UnitConvertor/P11-UnitConvertor.csproj" Id="16dcae05-e3e6-4d8d-a01b-9358dfaef8af" />
  <Project Path="P12-Number100_200/P12-Number100_200.csproj" Id="3b0e4f9d-8d20-45f8-889d-95787f2a51d9" />
  <Project Path="P13-SpeedInfo/P13-SpeedInfo.csproj" Id="2ce6ca91-54dd-4427-bfd0-5aeed99b2ea2" />
  <Project Path="P14-FigureArea/P14-FigureArea.csproj" Id="d5723ec1-1290-4399-a197-3d93bb410627" />
  <Project Path="P15-NumberToWords_100/P15-NumberToWords_100.csproj" Id="7cc2dc8a-7bc5-4cb5-8cce-3fdc5054bcfd" />
  <Project Path="P16-PersonalTitles/P16-PersonalTitles.csproj" Id="0bcbdec4-9099-4ee5-92d9-a31974c824fd" />
  <Project Path="P17-SmallShop/P17-SmallShop.csproj" Id="c992a70d-40cb-4ed4-afec-cef14086f94e" />
  <Project Path="P18-InsideRectangle/P18-InsideRectangle.csproj" Id="8a405070-3f42-4805-a1e8-3cb4be824b39" />
  <Project Path="P19-FruitVegetable/P19-FruitVegetable.csproj" Id="e9a1647d-654c-4e33-9c30-6960261749a4" />
  <Project Path="P20-InvalidNumber/P20-InvalidNumber.csproj" Id="6020a3d6-d4a1-492e-8d81-60bd78e42915" />
  <Project Path="P21-BorderPoint/P21-BorderPoint.csproj" Id="a5c28a8c-44a9-45b2-8994-98555c7f606e" />
  <Project Path="P22-DayOfWeek/P22-DayOfWeek.csproj" Id="09e2ffa2-fd25-47ee-8655-913aec2fbdac" />
  <Project Path="P23-AnimalClass/P23-AnimalClass.csproj" Id="cfed6b00-9cb8-471b-825d-5cdc8026e73c" />
  <Project Path="P24-Cinema/P24-Cinema.csproj" Id="a1da6adb-74c8-41de-8bcc-3f74db54e88e" />
  <Project Path="S03-ConditionalStatemates/S03-ConditionalStatemates.csproj" />
</Solution>
